github.com/dlclark/regexp2 v1.11.2 h1:/u628IuisSTwri5/UKloiIsH8+qF2Pu7xEQX+yIKg68=
github.com/dlclark/regexp2 v1.11.2/go.mod h1:DHkYz0B9wPfa6wondMfaivmHpzrQ3v9q8cnmRbL6yW8=
github.com/shopspring/decimal v1.4.0 h1:bxl37RwXBklmTi0C79JfXCEBD1cqqHt0bbgBAGFp81k=
github.com/shopspring/decimal v1.4.0/go.mod h1:gawqmDU56v4yIKSwfBSFip1HdCCXN8/+DMd9qYNcwME=
